{
  "name": "next_react_maximilian_schwarzmuller_course",
  "lockfileVersion": 3,
  "requires": true,
  "packages": {
    "": {
      "dependencies": {
        "@lucia-auth/adapter-sqlite": "^3.0.2",
        "lucia": "^3.2.2"
      },
      "devDependencies": {
        "prettier": "^3.5.3"
      }
    },
    "node_modules/@lucia-auth/adapter-sqlite": {
      "version": "3.0.2",
      "resolved": "https://registry.npmjs.org/@lucia-auth/adapter-sqlite/-/adapter-sqlite-3.0.2.tgz",
      "integrity": "sha512-UlXpF+2UoFEdm1AsriJii5BOARwqko6SX29rQ8T8Za7rnjj9KLXLaRVQUgBhGmggAyvzCtguJ2+XOZDsfWm6Sw==",
      "peerDependencies": {
        "@libsql/client": "^0.3.0",
        "better-sqlite3": "8.x - 11.x",
        "lucia": "3.x"
      },
      "peerDependenciesMeta": {
        "@libsql/client": {
          "optional": true
        },
        "better-sqlite3": {
          "optional": true
        }
      }
    },
    "node_modules/@oslojs/asn1": {
      "version": "1.0.0",
      "resolved": "https://registry.npmjs.org/@oslojs/asn1/-/asn1-1.0.0.tgz",
      "integrity": "sha512-zw/wn0sj0j0QKbIXfIlnEcTviaCzYOY3V5rAyjR6YtOByFtJiT574+8p9Wlach0lZH9fddD4yb9laEAIl4vXQA==",
      "dependencies": {
        "@oslojs/binary": "1.0.0"
      }
    },
    "node_modules/@oslojs/binary": {
      "version": "1.0.0",
      "resolved": "https://registry.npmjs.org/@oslojs/binary/-/binary-1.0.0.tgz",
      "integrity": "sha512-9RCU6OwXU6p67H4NODbuxv2S3eenuQ4/WFLrsq+K/k682xrznH5EVWA7N4VFk9VYVcbFtKqur5YQQZc0ySGhsQ=="
    },
    "node_modules/@oslojs/crypto": {
      "version": "1.0.1",
      "resolved": "https://registry.npmjs.org/@oslojs/crypto/-/crypto-1.0.1.tgz",
      "integrity": "sha512-7n08G8nWjAr/Yu3vu9zzrd0L9XnrJfpMioQcvCMxBIiF5orECHe5/3J0jmXRVvgfqMm/+4oxlQ+Sq39COYLcNQ==",
      "dependencies": {
        "@oslojs/asn1": "1.0.0",
        "@oslojs/binary": "1.0.0"
      }
    },
    "node_modules/@oslojs/encoding": {
      "version": "1.1.0",
      "resolved": "https://registry.npmjs.org/@oslojs/encoding/-/encoding-1.1.0.tgz",
      "integrity": "sha512-70wQhgYmndg4GCPxPPxPGevRKqTIJ2Nh4OkiMWmDAVYsTQ+Ta7Sq+rPevXyXGdzr30/qZBnyOalCszoMxlyldQ=="
    },
    "node_modules/lucia": {
      "version": "3.2.2",
      "resolved": "https://registry.npmjs.org/lucia/-/lucia-3.2.2.tgz",
      "integrity": "sha512-P1FlFBGCMPMXu+EGdVD9W4Mjm0DqsusmKgO7Xc33mI5X1bklmsQb0hfzPhXomQr9waWIBDsiOjvr1e6BTaUqpA==",
      "dependencies": {
        "@oslojs/crypto": "^1.0.1",
        "@oslojs/encoding": "^1.1.0"
      }
    },
    "node_modules/prettier": {
      "version": "3.5.3",
      "resolved": "https://registry.npmjs.org/prettier/-/prettier-3.5.3.tgz",
      "integrity": "sha512-QQtaxnoDJeAkDvDKWCLiwIXkTgRhwYDEQCghU9Z6q03iyek/rxRh/2lC3HB7P8sWT2xC/y5JDctPLBIGzHKbhw==",
      "dev": true,
      "bin": {
        "prettier": "bin/prettier.cjs"
      },
      "engines": {
        "node": ">=14"
      },
      "funding": {
        "url": "https://github.com/prettier/prettier?sponsor=1"
      }
    }
  }
}
